
Microsoft Visual Studio Solution File, Format Version 12.00
# Visual Studio Version 16
VisualStudioVersion = 16.0.31702.278
MinimumVisualStudioVersion = 10.0.40219.1
Project("{FAE04EC0-301F-11D3-BF4B-00C04F79EFBC}") = "BulgarifyCs", "BulgarifyCs\BulgarifyCs.csproj", "{117EADBE-4BDB-4589-A31D-F141108745DC}"
EndProject
Project("{FAE04EC0-301F-11D3-BF4B-00C04F79EFBC}") = "BulgarifyCsTest", "BulgarifyCsTest\BulgarifyCsTest.csproj", "{42AC468F-B15B-44A2-8DD6-CBB9FE3CF90D}"
EndProject
Global
	GlobalSection(SolutionConfigurationPlatforms) = preSolution
		Debug|Any CPU = Debug|Any CPU
		Release|Any CPU = Release|Any CPU
	EndGlobalSection
	GlobalSection(ProjectConfigurationPlatforms) = postSolution
		{117EADBE-4BDB-4589-A31D-F141108745DC}.Debug|Any CPU.ActiveCfg = Debug|Any CPU
		{117EADBE-4BDB-4589-A31D-F141108745DC}.Debug|Any CPU.Build.0 = Debug|Any CPU
		{117EADBE-4BDB-4589-A31D-F141108745DC}.Release|Any CPU.ActiveCfg = Release|Any CPU
		{117EADBE-4BDB-4589-A31D-F141108745DC}.Release|Any CPU.Build.0 = Release|Any CPU
		{42AC468F-B15B-44A2-8DD6-CBB9FE3CF90D}.Debug|Any CPU.ActiveCfg = Debug|Any CPU
		{42AC468F-B15B-44A2-8DD6-CBB9FE3CF90D}.Debug|Any CPU.Build.0 = Debug|Any CPU
		{42AC468F-B15B-44A2-8DD6-CBB9FE3CF90D}.Release|Any CPU.ActiveCfg = Release|Any CPU
		{42AC468F-B15B-44A2-8DD6-CBB9FE3CF90D}.Release|Any CPU.Build.0 = Release|Any CPU
	EndGlobalSection
	GlobalSection(SolutionProperties) = preSolution
		HideSolutionNode = FALSE
	EndGlobalSection
	GlobalSection(ExtensibilityGlobals) = postSolution
		SolutionGuid = {6B123D15-BDE1-498F-A334-BB311C238D1F}
	EndGlobalSection
EndGlobal
